{
  "version": "5",
  "specifiers": {
    "jsr:@std/assert@1": "1.0.19",
    "jsr:@std/internal@^1.0.12": "1.0.14",
    "npm:@hono/zod-openapi@^1.4.0": "1.4.0_hono@4.12.27_zod@4.4.3",
    "npm:@scalar/hono-api-reference@~0.11.6": "0.11.6_hono@4.12.27",
    "npm:@supabase/supabase-js@^2.108.2": "2.108.2",
    "npm:@upstash/ratelimit@^2.0.8": "2.0.8_@upstash+redis@1.38.0",
    "npm:@upstash/redis@^1.38.0": "1.38.0",
    "npm:concurrently@*": "10.0.3",
    "npm:drizzle-orm@~0.45.2": "0.45.2_@upstash+redis@1.38.0_postgres@3.4.9",
    "npm:hono@^4.12.27": "4.12.27",
    "npm:postgres@^3.4.9": "3.4.9",
    "npm:resend@^6.16.0": "6.16.0"
  },
  "jsr": {
    "@std/assert@1.0.19": {
      "integrity": "eaada96ee120cb980bc47e040f82814d786fe8162ecc53c91d8df60b8755991e",
      "dependencies": [
        "jsr:@std/internal"
      ]
    },
    "@std/internal@1.0.14": {
      "integrity": "291516b3d4c35024d6ffbc0a9df5bf4c64116e05b50012cf846710152d2ffdf7"
    }
  },
  "npm": {
    "@asteasolutions/zod-to-openapi@8.5.0_zod@4.4.3": {
      "integrity": "sha512-SABbKiObg5dLRiTFnqiW1WWwGcg1BJfmHtT2asIBnBHg6Smy/Ms2KHc650+JI4Hw7lSkdiNebEGXpwoxfben8Q==",
      "dependencies": [
        "openapi3-ts",
        "zod"
      ]
    },
    "@hono/zod-openapi@1.4.0_hono@4.12.27_zod@4.4.3": {
      "integrity": "sha512-AFchqR1N/NxfI4hUOSGI2/g8zLROxA1OE7Oh5JJFlTaGxhrdRyH+93gd0tIBpb0z8s9r8hUoNnaOBfHbdb4NMw==",
      "dependencies": [
        "@asteasolutions/zod-to-openapi",
        "@hono/zod-validator",
        "hono",
        "openapi3-ts",
        "zod"
      ]
    },
    "@hono/zod-validator@0.8.0_hono@4.12.27_zod@4.4.3": {
      "integrity": "sha512-5uS4S1/LKtZQYvD4BtpPUFkOv8d1wNxHHrChm26buMiEYc1FrHWvDUaKVBwkiVtvSExHSpLGDvcnpI2Copyj9w==",
      "dependencies": [
        "hono",
        "zod"
      ]
    },
    "@scalar/client-side-rendering@0.2.6": {
      "integrity": "sha512-wvnyBtNdYob6CdmpFqLSQoGM5q5Ra8bXyq713T/u8Nq1NXbULk1znz/LyR78u8g++0G8bkxnVzhvOf7s9FwHFw==",
      "dependencies": [
        "@scalar/schemas",
        "@scalar/types",
        "@scalar/validation"
      ]
    },
    "@scalar/helpers@0.9.0": {
      "integrity": "sha512-M34CLRCttqC1bXthI/QSzQj0s5C6nrU2PFWf/vOT3RpycbiGDGQbqR+5RfFzpOIQvRqbHfNdcRbeiZBw+vCbkQ=="
    },
    "@scalar/hono-api-reference@0.11.6_hono@4.12.27": {
      "integrity": "sha512-fq75HkPnM6YKBURAcpIFnf6gC4LNo58qerkje0FUlOYyCiIJ6/QIW9/Sbz58BoYuJKaqltWsOvjv6KarH1BicA==",
      "dependencies": [
        "@scalar/client-side-rendering",
        "hono"
      ]
    },
    "@scalar/schemas@0.7.0": {
      "integrity": "sha512-Roj0e7S29yTbGojwdx/b8C1H5arVN4h/VSPrtQ5vb9NT2ZAbrfPQVmpQYrF845rKOWX7kSzIvyBwrKNEMIAkxA==",
      "dependencies": [
        "@scalar/helpers",
        "@scalar/validation"
      ]
    },
    "@scalar/types@0.16.0": {
      "integrity": "sha512-26OSrvZjKWZ7F236wWmJajBGDVFJuvXFJqKPFqbt/PxlgZKXQXfJsZorASRQmdNogT576nxYalQ7oaYWEnQwfw==",
      "dependencies": [
        "@scalar/helpers",
        "nanoid",
        "type-fest",
        "zod"
      ]
    },
    "@scalar/validation@0.6.0": {
      "integrity": "sha512-tpmmG+/xRE2Kn9RpflU3AIyZv08v10+E1ZrJCx7z6+/91zHVxy0M73kC1LT4/8PbYNt85ywyC8+n+D99JdMcGA=="
    },
    "@stablelib/base64@1.0.1": {
      "integrity": "sha512-1bnPQqSxSuc3Ii6MhBysoWCg58j97aUjuCSZrGSmDxNqtytIi0k8utUenAwTZN4V5mXXYGsVUI9zeBqy+jBOSQ=="
    },
    "@supabase/auth-js@2.108.2": {
      "integrity": "sha512-tNaQmBgodDZwgB40mRwVbxFy8IDYwjdpcZ0BYrWiwlULCSQoJj4QoG4zgJT7QRPXcqipefNOzvO/qAu4dF98ag==",
      "dependencies": [
        "tslib"
      ]
    },
    "@supabase/functions-js@2.108.2": {
      "integrity": "sha512-RNUX8EiBy3iLwAX19jtRzLyePnl11/fHcgwDHLnpKcDSXt/5qBnh3LUwAtIjT21Q66QsmNUR2esrHziLCpNubw==",
      "dependencies": [
        "tslib"
      ]
    },
    "@supabase/phoenix@0.4.2": {
      "integrity": "sha512-YSAGnmDAfuleFCVt3CeurQZAhxRfXWeZIIkwp7NhYzQ1UwW6ePSnzsFAiUm/mbCkfoCf70QQHKW/K6RKh52a4A=="
    },
    "@supabase/postgrest-js@2.108.2": {
      "integrity": "sha512-GQ28/Y8hk3CFmkb3kXH1h/AQx6JIYSQfO0CJMRVBcEKZoNy6C45cXAZ4fcJvRC5Id0cs6xnkUV0+c0rIocigsw==",
      "dependencies": [
        "tslib"
      ]
    },
    "@supabase/realtime-js@2.108.2": {
      "integrity": "sha512-aAGxCSUemZvQIibnCdvNvgaKib28I4rfrNjKbQ9cG1uBLwUsI7hVpGXgEbypCCDhLjQlDTAiJlu7rgljYUT73g==",
      "dependencies": [
        "@supabase/phoenix",
        "tslib"
      ]
    },
    "@supabase/storage-js@2.108.2": {
      "integrity": "sha512-TVZPQxXGxY2+A6yTtm77zUHsh70lBhYUEaJL8RQC+BghcX/ygiMG/rmXrNVBce30/WAeNPa8FiG8HbqlGeV05g==",
      "dependencies": [
        "iceberg-js",
        "tslib"
      ]
    },
    "@supabase/supabase-js@2.108.2": {
      "integrity": "sha512-hFhnPveb5JQg4a0QYicM0swT253YHMdfeRAl2BKHOlI5VAzuHxUGSr8RbwNLYNPauWOgQMS1H8sz8bvYlgwUfQ==",
      "dependencies": [
        "@supabase/auth-js",
        "@supabase/functions-js",
        "@supabase/postgrest-js",
        "@supabase/realtime-js",
        "@supabase/storage-js"
      ]
    },
    "@upstash/core-analytics@0.0.10": {
      "integrity": "sha512-7qJHGxpQgQr9/vmeS1PktEwvNAF7TI4iJDi8Pu2CFZ9YUGHZH4fOP5TfYlZ4aVxfopnELiE4BS4FBjyK7V1/xQ==",
      "dependencies": [
        "@upstash/redis"
      ]
    },
    "@upstash/ratelimit@2.0.8_@upstash+redis@1.38.0": {
      "integrity": "sha512-YSTMBJ1YIxsoPkUMX/P4DDks/xV5YYCswWMamU8ZIfK9ly6ppjRnVOyBhMDXBmzjODm4UQKcxsJPvaeFAijp5w==",
      "dependencies": [
        "@upstash/core-analytics",
        "@upstash/redis"
      ]
    },
    "@upstash/redis@1.38.0": {
      "integrity": "sha512-wu+dZBptlLy0+MCUEoHmzrY/TnmgDey3+c7EbIGwrLqAvkP8yi5MWZHYGIFtAygmL4Bkz2TdFu+eU0vFPncIcg==",
      "dependencies": [
        "uncrypto"
      ]
    },
    "ansi-regex@6.2.2": {
      "integrity": "sha512-Bq3SmSpyFHaWjPk8If9yc6svM8c56dB5BAtW4Qbw5jHTwwXXcTLoRMkpDJp6VL0XzlWaCHTXrkFURMYmD0sLqg=="
    },
    "ansi-styles@6.2.3": {
      "integrity": "sha512-4Dj6M28JB+oAH8kFkTLUo+a2jwOFkuqb3yucU0CANcRRUbxS0cP0nZYCGjcc3BNXwRIsUVmDGgzawme7zvJHvg=="
    },
    "chalk@5.6.2": {
      "integrity": "sha512-7NzBL0rN6fMUW+f7A6Io4h40qQlG+xGmtMxfbnH/K7TAtt8JQWVQK+6g0UXKMeVJoyV5EkkNsErQ8pVD3bLHbA=="
    },
    "cliui@9.0.1": {
      "integrity": "sha512-k7ndgKhwoQveBL+/1tqGJYNz097I7WOvwbmmU2AR5+magtbjPWQTS1C5vzGkBC8Ym8UWRzfKUzUUqFLypY4Q+w==",
      "dependencies": [
        "string-width",
        "strip-ansi",
        "wrap-ansi"
      ]
    },
    "concurrently@10.0.3": {
      "integrity": "sha512-hc3LH4UaKWd/bbyDK/IGVa4RB6PtQ3CUYwtrkzqHn+wIG3Hr5fhpRlk0L/gCa8ZE1L/Ufj50Zho69cI5w8SQBA==",
      "dependencies": [
        "chalk",
        "rxjs",
        "shell-quote",
        "supports-color",
        "tree-kill",
        "yargs"
      ],
      "bin": true
    },
    "drizzle-orm@0.45.2_@upstash+redis@1.38.0_postgres@3.4.9": {
      "integrity": "sha512-kY0BSaTNYWnoDMVoyY8uxmyHjpJW1geOmBMdSSicKo9CIIWkSxMIj2rkeSR51b8KAPB7m+qysjuHme5nKP+E5Q==",
      "dependencies": [
        "@upstash/redis",
        "postgres"
      ],
      "optionalPeers": [
        "@upstash/redis",
        "postgres"
      ]
    },
    "emoji-regex@10.6.0": {
      "integrity": "sha512-toUI84YS5YmxW219erniWD0CIVOo46xGKColeNQRgOzDorgBi1v4D71/OFzgD9GO2UGKIv1C3Sp8DAn0+j5w7A=="
    },
    "escalade@3.2.0": {
      "integrity": "sha512-WUj2qlxaQtO4g6Pq5c29GTcWGDyd8itL8zTlipgECz3JesAiiOKotd8JU6otB3PACgG6xkJUyVhboMS+bje/jA=="
    },
    "fast-sha256@1.3.0": {
      "integrity": "sha512-n11RGP/lrWEFI/bWdygLxhI+pVeo1ZYIVwvvPkW7azl/rOy+F3HYRZ2K5zeE9mmkhQppyv9sQFx0JM9UabnpPQ=="
    },
    "get-caller-file@2.0.5": {
      "integrity": "sha512-DyFP3BM/3YHTQOCUL/w0OZHR0lpKeGrxotcHWcqNEdnltqFwXVfhEBQ94eIo34AfQpo0rGki4cyIiftY06h2Fg=="
    },
    "get-east-asian-width@1.6.0": {
      "integrity": "sha512-QRbvDIbx6YklUe6RxeTeleMR0yv3cYH6PsPZHcnVn7xv7zO1BHN8r0XETu8n6Ye3Q+ahtSarc3WgtNWmehIBfA=="
    },
    "hono@4.12.27": {
      "integrity": "sha512-1yrb/+w6HWQJrUCLkJ2IF5jNIPvvFkblV5RNOYl6bV+OA6p9GLcMpHFFGTosSvHvcAUibuUukRqhlYI4z32C7Q=="
    },
    "iceberg-js@0.8.1": {
      "integrity": "sha512-1dhVQZXhcHje7798IVM+xoo/1ZdVfzOMIc8/rgVSijRK38EDqOJoGula9N/8ZI5RD8QTxNQtK/Gozpr+qUqRRA=="
    },
    "nanoid@5.1.16": {
      "integrity": "sha512-kVrnsrJqMR8+oLJnGEmSWw9BivK5mt7H3FZatVRjrc5wGqFYuBxX1yG7+A7Gi5AefkX6t/oCkizcQgpu0cY1dQ==",
      "bin": true
    },
    "openapi3-ts@4.6.0": {
      "integrity": "sha512-a4sfn6L2sIShhtzJqmjGrARvxAW/3F2BJDdyRVvNF9VhAsZSh5hSyI3a9TNvmzBxXmq66nY5LNT5bQcBxYAZZg==",
      "dependencies": [
        "yaml"
      ]
    },
    "postal-mime@2.7.4": {
      "integrity": "sha512-0WdnFQYUrPGGTFu1uOqD2s7omwua8xaeYGdO6rb88oD5yJ/4pPHDA4sdWqfD8wQVfCny563n/HQS7zTFft+f/g=="
    },
    "postgres@3.4.9": {
      "integrity": "sha512-GD3qdB0x1z9xgFI6cdRD6xu2Sp2WCOEoe3mtnyB5Ee0XrrL5Pe+e4CCnJrRMnL1zYtRDZmQQVbvOttLnKDLnaw=="
    },
    "resend@6.16.0": {
      "integrity": "sha512-SaKISwHtxvAxneF84Njgnzg+zdngUu1vOT/paRU1De9QF+zXQR3GnwJHSh+mpJPjUhsGD4WxYi5CfKkXMkDqwg==",
      "dependencies": [
        "postal-mime",
        "standardwebhooks"
      ]
    },
    "rxjs@7.8.2": {
      "integrity": "sha512-dhKf903U/PQZY6boNNtAGdWbG85WAbjT/1xYoZIC7FAY0yWapOBQVsVrDl58W86//e1VpMNBtRV4MaXfdMySFA==",
      "dependencies": [
        "tslib"
      ]
    },
    "shell-quote@1.8.4": {
      "integrity": "sha512-VsC6n6vz1ihYYyZZwX7YZSF5l5x36ca17OC+a69h94YqB7X6XLwf+5MOgynYir2SLFUbl8gIYvBo8K8RoNQ6bQ=="
    },
    "standardwebhooks@1.0.0": {
      "integrity": "sha512-BbHGOQK9olHPMvQNHWul6MYlrRTAOKn03rOe4A8O3CLWhNf4YHBqq2HJKKC+sfqpxiBY52pNeesD6jIiLDz8jg==",
      "dependencies": [
        "@stablelib/base64",
        "fast-sha256"
      ]
    },
    "string-width@7.2.0": {
      "integrity": "sha512-tsaTIkKW9b4N+AEj+SVA+WhJzV7/zMhcSu78mLKWSk7cXMOSHsBKFWUs0fWwq8QyK3MgJBQRX6Gbi4kYbdvGkQ==",
      "dependencies": [
        "emoji-regex",
        "get-east-asian-width",
        "strip-ansi"
      ]
    },
    "strip-ansi@7.2.0": {
      "integrity": "sha512-yDPMNjp4WyfYBkHnjIRLfca1i6KMyGCtsVgoKe/z1+6vukgaENdgGBZt+ZmKPc4gavvEZ5OgHfHdrazhgNyG7w==",
      "dependencies": [
        "ansi-regex"
      ]
    },
    "supports-color@10.2.2": {
      "integrity": "sha512-SS+jx45GF1QjgEXQx4NJZV9ImqmO2NPz5FNsIHrsDjh2YsHnawpan7SNQ1o8NuhrbHZy9AZhIoCUiCeaW/C80g=="
    },
    "tagged-tag@1.0.0": {
      "integrity": "sha512-yEFYrVhod+hdNyx7g5Bnkkb0G6si8HJurOoOEgC8B/O0uXLHlaey/65KRv6cuWBNhBgHKAROVpc7QyYqE5gFng=="
    },
    "tree-kill@1.2.2": {
      "integrity": "sha512-L0Orpi8qGpRG//Nd+H90vFB+3iHnue1zSSGmNOOCh1GLJ7rUKVwV2HvijphGQS2UmhUZewS9VgvxYIdgr+fG1A==",
      "bin": true
    },
    "tslib@2.8.1": {
      "integrity": "sha512-oJFu94HQb+KVduSUQL7wnpmqnfmLsOA/nAh6b6EH0wCEoK0/mPeXU6c3wKDV83MkOuHPRHtSXKKU99IBazS/2w=="
    },
    "type-fest@5.7.0": {
      "integrity": "sha512-1URUxUqfHFM1c+zfSPsa3gnkO7Aq21qyH75SIduNYz4SzY964rn1X2vCMQaHSHhktiw+0kPa2iyb6PUpXqB6Vg==",
      "dependencies": [
        "tagged-tag"
      ]
    },
    "uncrypto@0.1.3": {
      "integrity": "sha512-Ql87qFHB3s/De2ClA9e0gsnS6zXG27SkTiSJwjCc9MebbfapQfuPzumMIUMi38ezPZVNFcHI9sUIepeQfw8J8Q=="
    },
    "wrap-ansi@9.0.2": {
      "integrity": "sha512-42AtmgqjV+X1VpdOfyTGOYRi0/zsoLqtXQckTmqTeybT+BDIbM/Guxo7x3pE2vtpr1ok6xRqM9OpBe+Jyoqyww==",
      "dependencies": [
        "ansi-styles",
        "string-width",
        "strip-ansi"
      ]
    },
    "y18n@5.0.8": {
      "integrity": "sha512-0pfFzegeDWJHJIAmTLRP2DwHjdF5s7jo9tuztdQxAhINCdvS+3nGINqPd00AphqJR/0LhANUS6/+7SCb98YOfA=="
    },
    "yaml@2.9.0": {
      "integrity": "sha512-2AvhNX3mb8zd6Zy7INTtSpl1F15HW6Wnqj0srWlkKLcpYl/gMIMJiyuGq2KeI2YFxUPjdlB+3Lc10seMLtL4cA==",
      "bin": true
    },
    "yargs-parser@22.0.0": {
      "integrity": "sha512-rwu/ClNdSMpkSrUb+d6BRsSkLUq1fmfsY6TOpYzTwvwkg1/NRG85KBy3kq++A8LKQwX6lsu+aWad+2khvuXrqw=="
    },
    "yargs@18.0.0": {
      "integrity": "sha512-4UEqdc2RYGHZc7Doyqkrqiln3p9X2DZVxaGbwhn2pi7MrRagKaOcIKe8L3OxYcbhXLgLFUS3zAYuQjKBQgmuNg==",
      "dependencies": [
        "cliui",
        "escalade",
        "get-caller-file",
        "string-width",
        "y18n",
        "yargs-parser"
      ]
    },
    "zod@4.4.3": {
      "integrity": "sha512-ytENFjIJFl2UwYglde2jchW2Hwm4GJFLDiSXWdTrJQBIN9Fcyp7n4DhxJEiWNAJMV1/BqWfW/kkg71UDcHJyTQ=="
    }
  },
  "workspace": {
    "dependencies": [
      "jsr:@std/assert@1",
      "npm:@hono/zod-openapi@^1.4.0",
      "npm:@scalar/hono-api-reference@~0.11.6",
      "npm:@supabase/supabase-js@^2.108.2",
      "npm:@upstash/ratelimit@^2.0.8",
      "npm:@upstash/redis@^1.38.0",
      "npm:drizzle-orm@~0.45.2",
      "npm:hono@^4.12.27",
      "npm:postgres@^3.4.9",
      "npm:resend@^6.16.0"
    ]
  }
}
